// !$*UTF8*$!
{
	archiveVersion = 1;
	classes = {
	};
	objectVersion = 56;
	objects = {

/* Begin PBXBuildFile section */
		9985849A2C01D8020008F7FE /* AppDelegate.swift in Sources */ = {isa = PBXBuildFile; fileRef = 998584992C01D8020008F7FE /* AppDelegate.swift */; };
		9985849C2C01D8020008F7FE /* SceneDelegate.swift in Sources */ = {isa = PBXBuildFile; fileRef = 9985849B2C01D8020008F7FE /* SceneDelegate.swift */; };
		9985849E2C01D8020008F7FE /* ViewController.swift in Sources */ = {isa = PBXBuildFile; fileRef = 9985849D2C01D8020008F7FE /* ViewController.swift */; };
		998584A12C01D8020008F7FE /* Base in Resources */ = {isa = PBXBuildFile; fileRef = 998584A02C01D8020008F7FE /* Base */; };
		998584A32C01D8030008F7FE /* Assets.xcassets in Resources */ = {isa = PBXBuildFile; fileRef = 998584A22C01D8030008F7FE /* Assets.xcassets */; };
		998584A62C01D8030008F7FE /* Base in Resources */ = {isa = PBXBuildFile; fileRef = 998584A52C01D8030008F7FE /* Base */; };
		998584AF2C01D91C0008F7FE /* RestaurantTableViewController.swift in Sources */ = {isa = PBXBuildFile; fileRef = 998584AE2C01D91C0008F7FE /* RestaurantTableViewController.swift */; };
		998584B12C01D9870008F7FE /* Restaurant.swift in Sources */ = {isa = PBXBuildFile; fileRef = 998584B02C01D9870008F7FE /* Restaurant.swift */; };
		998584B32C01D9DA0008F7FE /* RestaurantCustomCellTableViewCell.swift in Sources */ = {isa = PBXBuildFile; fileRef = 998584B22C01D9DA0008F7FE /* RestaurantCustomCellTableViewCell.swift */; };
		998584B52C03427A0008F7FE /* MagazineInfo.swift in Sources */ = {isa = PBXBuildFile; fileRef = 998584B42C03427A0008F7FE /* MagazineInfo.swift */; };
		998584B72C03468B0008F7FE /* TravelMagazineInfolTableViewCell.swift in Sources */ = {isa = PBXBuildFile; fileRef = 998584B62C03468B0008F7FE /* TravelMagazineInfolTableViewCell.swift */; };
		998584B92C0346AE0008F7FE /* TravelMagazineInfolTableViewController.swift in Sources */ = {isa = PBXBuildFile; fileRef = 998584B82C0346AE0008F7FE /* TravelMagazineInfolTableViewController.swift */; };
		998584BC2C035B2E0008F7FE /* Kingfisher in Frameworks */ = {isa = PBXBuildFile; productRef = 998584BB2C035B2E0008F7FE /* Kingfisher */; };
/* End PBXBuildFile section */

/* Begin PBXFileReference section */
		998584962C01D8020008F7FE /* TravelMagazineInfo.app */ = {isa = PBXFileReference; explicitFileType = wrapper.application; includeInIndex = 0; path = TravelMagazineInfo.app; sourceTree = BUILT_PRODUCTS_DIR; };
		998584992C01D8020008F7FE /* AppDelegate.swift */ = {isa = PBXFileReference; lastKnownFileType = sourcecode.swift; path = AppDelegate.swift; sourceTree = "<group>"; };
		9985849B2C01D8020008F7FE /* SceneDelegate.swift */ = {isa = PBXFileReference; lastKnownFileType = sourcecode.swift; path = SceneDelegate.swift; sourceTree = "<group>"; };
		9985849D2C01D8020008F7FE /* ViewController.swift */ = {isa = PBXFileReference; lastKnownFileType = sourcecode.swift; path = ViewController.swift; sourceTree = "<group>"; };
		998584A02C01D8020008F7FE /* Base */ = {isa = PBXFileReference; lastKnownFileType = file.storyboard; name = Base; path = Base.lproj/Main.storyboard; sourceTree = "<group>"; };
		998584A22C01D8030008F7FE /* Assets.xcassets */ = {isa = PBXFileReference; lastKnownFileType = folder.assetcatalog; path = Assets.xcassets; sourceTree = "<group>"; };
		998584A52C01D8030008F7FE /* Base */ = {isa = PBXFileReference; lastKnownFileType = file.storyboard; name = Base; path = Base.lproj/LaunchScreen.storyboard; sourceTree = "<group>"; };
		998584A72C01D8030008F7FE /* Info.plist */ = {isa = PBXFileReference; lastKnownFileType = text.plist.xml; path = Info.plist; sourceTree = "<group>"; };
		998584AE2C01D91C0008F7FE /* RestaurantTableViewController.swift */ = {isa = PBXFileReference; lastKnownFileType = sourcecode.swift; path = RestaurantTableViewController.swift; sourceTree = "<group>"; };
		998584B02C01D9870008F7FE /* Restaurant.swift */ = {isa = PBXFileReference; fileEncoding = 4; lastKnownFileType = sourcecode.swift; path = Restaurant.swift; sourceTree = "<group>"; };
		998584B22C01D9DA0008F7FE /* RestaurantCustomCellTableViewCell.swift */ = {isa = PBXFileReference; lastKnownFileType = sourcecode.swift; path = RestaurantCustomCellTableViewCell.swift; sourceTree = "<group>"; };
		998584B42C03427A0008F7FE /* MagazineInfo.swift */ = {isa = PBXFileReference; fileEncoding = 4; lastKnownFileType = sourcecode.swift; path = MagazineInfo.swift; sourceTree = "<group>"; };
		998584B62C03468B0008F7FE /* TravelMagazineInfolTableViewCell.swift */ = {isa = PBXFileReference; lastKnownFileType = sourcecode.swift; path = TravelMagazineInfolTableViewCell.swift; sourceTree = "<group>"; };
		998584B82C0346AE0008F7FE /* TravelMagazineInfolTableViewController.swift */ = {isa = PBXFileReference; lastKnownFileType = sourcecode.swift; path = TravelMagazineInfolTableViewController.swift; sourceTree = "<group>"; };
/* End PBXFileReference section */

/* Begin PBXFrameworksBuildPhase section */
		998584932C01D8020008F7FE /* Frameworks */ = {
			isa = PBXFrameworksBuildPhase;
			buildActionMask = 2147483647;
			files = (
				998584BC2C035B2E0008F7FE /* Kingfisher in Frameworks */,
			);
			runOnlyForDeploymentPostprocessing = 0;
		};
/* End PBXFrameworksBuildPhase section */

/* Begin PBXGroup section */
		9985848D2C01D8020008F7FE = {
			isa = PBXGroup;
			children = (
				998584AD2C01D81D0008F7FE /* Restaurant */,
				998584982C01D8020008F7FE /* TravelMagazineInfo */,
				998584972C01D8020008F7FE /* Products */,
			);
			sourceTree = "<group>";
		};
		998584972C01D8020008F7FE /* Products */ = {
			isa = PBXGroup;
			children = (
				998584962C01D8020008F7FE /* TravelMagazineInfo.app */,
			);
			name = Products;
			sourceTree = "<group>";
		};
		998584982C01D8020008F7FE /* TravelMagazineInfo */ = {
			isa = PBXGroup;
			children = (
				998584992C01D8020008F7FE /* AppDelegate.swift */,
				9985849B2C01D8020008F7FE /* SceneDelegate.swift */,
				9985849D2C01D8020008F7FE /* ViewController.swift */,
				998584B42C03427A0008F7FE /* MagazineInfo.swift */,
				9985849F2C01D8020008F7FE /* Main.storyboard */,
				998584A22C01D8030008F7FE /* Assets.xcassets */,
				998584A42C01D8030008F7FE /* LaunchScreen.storyboard */,
				998584A72C01D8030008F7FE /* Info.plist */,
				998584B62C03468B0008F7FE /* TravelMagazineInfolTableViewCell.swift */,
				998584B82C0346AE0008F7FE /* TravelMagazineInfolTableViewController.swift */,
			);
			path = TravelMagazineInfo;
			sourceTree = "<group>";
		};
		998584AD2C01D81D0008F7FE /* Restaurant */ = {
			isa = PBXGroup;
			children = (
				998584AE2C01D91C0008F7FE /* RestaurantTableViewController.swift */,
				998584B02C01D9870008F7FE /* Restaurant.swift */,
				998584B22C01D9DA0008F7FE /* RestaurantCustomCellTableViewCell.swift */,
			);
			path = Restaurant;
			sourceTree = "<group>";
		};
/* End PBXGroup section */

/* Begin PBXNativeTarget section */
		998584952C01D8020008F7FE /* TravelMagazineInfo */ = {
			isa = PBXNativeTarget;
			buildConfigurationList = 998584AA2C01D8040008F7FE /* Build configuration list for PBXNativeTarget "TravelMagazineInfo" */;
			buildPhases = (
				998584922C01D8020008F7FE /* Sources */,
				998584932C01D8020008F7FE /* Frameworks */,
				998584942C01D8020008F7FE /* Resources */,
			);
			buildRules = (
			);
			dependencies = (
			);
			name = TravelMagazineInfo;
			packageProductDependencies = (
				998584BB2C035B2E0008F7FE /* Kingfisher */,
			);
			productName = TravelMagazineInfo;
			productReference = 998584962C01D8020008F7FE /* TravelMagazineInfo.app */;
			productType = "com.apple.product-type.application";
		};
/* End PBXNativeTarget section */

/* Begin PBXProject section */
		9985848E2C01D8020008F7FE /* Project object */ = {
			isa = PBXProject;
			attributes = {
				BuildIndependentTargetsInParallel = 1;
				LastSwiftUpdateCheck = 1530;
				LastUpgradeCheck = 1530;
				TargetAttributes = {
					998584952C01D8020008F7FE = {
						CreatedOnToolsVersion = 15.3;
					};
				};
			};
			buildConfigurationList = 998584912C01D8020008F7FE /* Build configuration list for PBXProject "TravelMagazineInfo" */;
			compatibilityVersion = "Xcode 14.0";
			developmentRegion = en;
			hasScannedForEncodings = 0;
			knownRegions = (
				en,
				Base,
			);
			mainGroup = 9985848D2C01D8020008F7FE;
			packageReferences = (
				998584BA2C035B2E0008F7FE /* XCRemoteSwiftPackageReference "Kingfisher" */,
			);
			productRefGroup = 998584972C01D8020008F7FE /* Products */;
			projectDirPath = "";
			projectRoot = "";
			targets = (
				998584952C01D8020008F7FE /* TravelMagazineInfo */,
			);
		};
/* End PBXProject section */

/* Begin PBXResourcesBuildPhase section */
		998584942C01D8020008F7FE /* Resources */ = {
			isa = PBXResourcesBuildPhase;
			buildActionMask = 2147483647;
			files = (
				998584A32C01D8030008F7FE /* Assets.xcassets in Resources */,
				998584A62C01D8030008F7FE /* Base in Resources */,
				998584A12C01D8020008F7FE /* Base in Resources */,
			);
			runOnlyForDeploymentPostprocessing = 0;
		};
/* End PBXResourcesBuildPhase section */

/* Begin PBXSourcesBuildPhase section */
		998584922C01D8020008F7FE /* Sources */ = {
			isa = PBXSourcesBuildPhase;
			buildActionMask = 2147483647;
			files = (
				998584B12C01D9870008F7FE /* Restaurant.swift in Sources */,
				9985849E2C01D8020008F7FE /* ViewController.swift in Sources */,
				9985849A2C01D8020008F7FE /* AppDelegate.swift in Sources */,
				998584AF2C01D91C0008F7FE /* RestaurantTableViewController.swift in Sources */,
				998584B52C03427A0008F7FE /* MagazineInfo.swift in Sources */,
				9985849C2C01D8020008F7FE /* SceneDelegate.swift in Sources */,
				998584B72C03468B0008F7FE /* TravelMagazineInfolTableViewCell.swift in Sources */,
				998584B92C0346AE0008F7FE /* TravelMagazineInfolTableViewController.swift in Sources */,
				998584B32C01D9DA0008F7FE /* RestaurantCustomCellTableViewCell.swift in Sources */,
			);
			runOnlyForDeploymentPostprocessing = 0;
		};
/* End PBXSourcesBuildPhase section */

/* Begin PBXVariantGroup section */
		9985849F2C01D8020008F7FE /* Main.storyboard */ = {
			isa = PBXVariantGroup;
			children = (
				998584A02C01D8020008F7FE /* Base */,
			);
			name = Main.storyboard;
			sourceTree = "<group>";
		};
		998584A42C01D8030008F7FE /* LaunchScreen.storyboard */ = {
			isa = PBXVariantGroup;
			children = (
				998584A52C01D8030008F7FE /* Base */,
			);
			name = LaunchScreen.storyboard;
			sourceTree = "<group>";
		};
/* End PBXVariantGroup section */

/* Begin XCBuildConfiguration section */
		998584A82C01D8030008F7FE /* Debug */ = {
			isa = XCBuildConfiguration;
			buildSettings = {
				ALWAYS_SEARCH_USER_PATHS = NO;
				ASSETCATALOG_COMPILER_GENERATE_SWIFT_ASSET_SYMBOL_EXTENSIONS = YES;
				CLANG_ANALYZER_NONNULL = YES;
				CLANG_ANALYZER_NUMBER_OBJECT_CONVERSION = YES_AGGRESSIVE;
				CLANG_CXX_LANGUAGE_STANDARD = "gnu++20";
				CLANG_ENABLE_MODULES = YES;
				CLANG_ENABLE_OBJC_ARC = YES;
				CLANG_ENABLE_OBJC_WEAK = YES;
				CLANG_WARN_BLOCK_CAPTURE_AUTORELEASING = YES;
				CLANG_WARN_BOOL_CONVERSION = YES;
				CLANG_WARN_COMMA = YES;
				CLANG_WARN_CONSTANT_CONVERSION = YES;
				CLANG_WARN_DEPRECATED_OBJC_IMPLEMENTATIONS = YES;
				CLANG_WARN_DIRECT_OBJC_ISA_USAGE = YES_ERROR;
				CLANG_WARN_DOCUMENTATION_COMMENTS = YES;
				CLANG_WARN_EMPTY_BODY = YES;
				CLANG_WARN_ENUM_CONVERSION = YES;
				CLANG_WARN_INFINITE_RECURSION = YES;
				CLANG_WARN_INT_CONVERSION = YES;
				CLANG_WARN_NON_LITERAL_NULL_CONVERSION = YES;
				CLANG_WARN_OBJC_IMPLICIT_RETAIN_SELF = YES;
				CLANG_WARN_OBJC_LITERAL_CONVERSION = YES;
				CLANG_WARN_OBJC_ROOT_CLASS = YES_ERROR;
				CLANG_WARN_QUOTED_INCLUDE_IN_FRAMEWORK_HEADER = YES;
				CLANG_WARN_RANGE_LOOP_ANALYSIS = YES;
				CLANG_WARN_STRICT_PROTOTYPES = YES;
				CLANG_WARN_SUSPICIOUS_MOVE = YES;
				CLANG_WARN_UNGUARDED_AVAILABILITY = YES_AGGRESSIVE;
				CLANG_WARN_UNREACHABLE_CODE = YES;
				CLANG_WARN__DUPLICATE_METHOD_MATCH = YES;
				COPY_PHASE_STRIP = NO;
				DEBUG_INFORMATION_FORMAT = dwarf;
				ENABLE_STRICT_OBJC_MSGSEND = YES;
				ENABLE_TESTABILITY = YES;
				ENABLE_USER_SCRIPT_SANDBOXING = YES;
				GCC_C_LANGUAGE_STANDARD = gnu17;
				GCC_DYNAMIC_NO_PIC = NO;
				GCC_NO_COMMON_BLOCKS = YES;
				GCC_OPTIMIZATION_LEVEL = 0;
				GCC_PREPROCESSOR_DEFINITIONS = (
					"DEBUG=1",
					"$(inherited)",
				);
				GCC_WARN_64_TO_32_BIT_CONVERSION = YES;
				GCC_WARN_ABOUT_RETURN_TYPE = YES_ERROR;
				GCC_WARN_UNDECLARED_SELECTOR = YES;
				GCC_WARN_UNINITIALIZED_AUTOS = YES_AGGRESSIVE;
				GCC_WARN_UNUSED_FUNCTION = YES;
				GCC_WARN_UNUSED_VARIABLE = YES;
				IPHONEOS_DEPLOYMENT_TARGET = 17.4;
				LOCALIZATION_PREFERS_STRING_CATALOGS = YES;
				MTL_ENABLE_DEBUG_INFO = INCLUDE_SOURCE;
				MTL_FAST_MATH = YES;
				ONLY_ACTIVE_ARCH = YES;
				SDKROOT = iphoneos;
				SWIFT_ACTIVE_COMPILATION_CONDITIONS = "DEBUG $(inherited)";
				SWIFT_OPTIMIZATION_LEVEL = "-Onone";
			};
			name = Debug;
		};
		998584A92C01D8030008F7FE /* Release */ = {
			isa = XCBuildConfiguration;
			buildSettings = {
				ALWAYS_SEARCH_USER_PATHS = NO;
				ASSETCATALOG_COMPILER_GENERATE_SWIFT_ASSET_SYMBOL_EXTENSIONS = YES;
				CLANG_ANALYZER_NONNULL = YES;
				CLANG_ANALYZER_NUMBER_OBJECT_CONVERSION = YES_AGGRESSIVE;
				CLANG_CXX_LANGUAGE_STANDARD = "gnu++20";
				CLANG_ENABLE_MODULES = YES;
				CLANG_ENABLE_OBJC_ARC = YES;
				CLANG_ENABLE_OBJC_WEAK = YES;
				CLANG_WARN_BLOCK_CAPTURE_AUTORELEASING = YES;
				CLANG_WARN_BOOL_CONVERSION = YES;
				CLANG_WARN_COMMA = YES;
				CLANG_WARN_CONSTANT_CONVERSION = YES;
				CLANG_WARN_DEPRECATED_OBJC_IMPLEMENTATIONS = YES;
				CLANG_WARN_DIRECT_OBJC_ISA_USAGE = YES_ERROR;
				CLANG_WARN_DOCUMENTATION_COMMENTS = YES;
				CLANG_WARN_EMPTY_BODY = YES;
				CLANG_WARN_ENUM_CONVERSION = YES;
				CLANG_WARN_INFINITE_RECURSION = YES;
				CLANG_WARN_INT_CONVERSION = YES;
				CLANG_WARN_NON_LITERAL_NULL_CONVERSION = YES;
				CLANG_WARN_OBJC_IMPLICIT_RETAIN_SELF = YES;
				CLANG_WARN_OBJC_LITERAL_CONVERSION = YES;
				CLANG_WARN_OBJC_ROOT_CLASS = YES_ERROR;
				CLANG_WARN_QUOTED_INCLUDE_IN_FRAMEWORK_HEADER = YES;
				CLANG_WARN_RANGE_LOOP_ANALYSIS = YES;
				CLANG_WARN_STRICT_PROTOTYPES = YES;
				CLANG_WARN_SUSPICIOUS_MOVE = YES;
				CLANG_WARN_UNGUARDED_AVAILABILITY = YES_AGGRESSIVE;
				CLANG_WARN_UNREACHABLE_CODE = YES;
				CLANG_WARN__DUPLICATE_METHOD_MATCH = YES;
				COPY_PHASE_STRIP = NO;
				DEBUG_INFORMATION_FORMAT = "dwarf-with-dsym";
				ENABLE_NS_ASSERTIONS = NO;
				ENABLE_STRICT_OBJC_MSGSEND = YES;
				ENABLE_USER_SCRIPT_SANDBOXING = YES;
				GCC_C_LANGUAGE_STANDARD = gnu17;
				GCC_NO_COMMON_BLOCKS = YES;
				GCC_WARN_64_TO_32_BIT_CONVERSION = YES;
				GCC_WARN_ABOUT_RETURN_TYPE = YES_ERROR;
				GCC_WARN_UNDECLARED_SELECTOR = YES;
				GCC_WARN_UNINITIALIZED_AUTOS = YES_AGGRESSIVE;
				GCC_WARN_UNUSED_FUNCTION = YES;
				GCC_WARN_UNUSED_VARIABLE = YES;
				IPHONEOS_DEPLOYMENT_TARGET = 17.4;
				LOCALIZATION_PREFERS_STRING_CATALOGS = YES;
				MTL_ENABLE_DEBUG_INFO = NO;
				MTL_FAST_MATH = YES;
				SDKROOT = iphoneos;
				SWIFT_COMPILATION_MODE = wholemodule;
				VALIDATE_PRODUCT = YES;
			};
			name = Release;
		};
		998584AB2C01D8040008F7FE /* Debug */ = {
			isa = XCBuildConfiguration;
			buildSettings = {
				ASSETCATALOG_COMPILER_APPICON_NAME = AppIcon;
				ASSETCATALOG_COMPILER_GLOBAL_ACCENT_COLOR_NAME = AccentColor;
				CODE_SIGN_STYLE = Automatic;
				CURRENT_PROJECT_VERSION = 1;
				DEVELOPMENT_TEAM = Y2VDXSZQ3M;
				GENERATE_INFOPLIST_FILE = YES;
				INFOPLIST_FILE = TravelMagazineInfo/Info.plist;
				INFOPLIST_KEY_UIApplicationSupportsIndirectInputEvents = YES;
				INFOPLIST_KEY_UILaunchStoryboardName = LaunchScreen;
				INFOPLIST_KEY_UIMainStoryboardFile = Main;
				INFOPLIST_KEY_UISupportedInterfaceOrientations_iPad = "UIInterfaceOrientationPortrait UIInterfaceOrientationPortraitUpsideDown UIInterfaceOrientationLandscapeLeft UIInterfaceOrientationLandscapeRight";
				INFOPLIST_KEY_UISupportedInterfaceOrientations_iPhone = "UIInterfaceOrientationPortrait UIInterfaceOrientationLandscapeLeft UIInterfaceOrientationLandscapeRight";
				IPHONEOS_DEPLOYMENT_TARGET = 16.0;
				LD_RUNPATH_SEARCH_PATHS = (
					"$(inherited)",
					"@executable_path/Frameworks",
				);
				MARKETING_VERSION = 1.0;
				PRODUCT_BUNDLE_IDENTIFIER = com.yun.TravelMagazineInfo;
				PRODUCT_NAME = "$(TARGET_NAME)";
				SUPPORTED_PLATFORMS = "iphoneos iphonesimulator";
				SUPPORTS_MACCATALYST = NO;
				SUPPORTS_MAC_DESIGNED_FOR_IPHONE_IPAD = NO;
				SUPPORTS_XR_DESIGNED_FOR_IPHONE_IPAD = NO;
				SWIFT_EMIT_LOC_STRINGS = YES;
				SWIFT_VERSION = 5.0;
				TARGETED_DEVICE_FAMILY = 1;
			};
			name = Debug;
		};
		998584AC2C01D8040008F7FE /* Release */ = {
			isa = XCBuildConfiguration;
			buildSettings = {
				ASSETCATALOG_COMPILER_APPICON_NAME = AppIcon;
				ASSETCATALOG_COMPILER_GLOBAL_ACCENT_COLOR_NAME = AccentColor;
				CODE_SIGN_STYLE = Automatic;
				CURRENT_PROJECT_VERSION = 1;
				DEVELOPMENT_TEAM = Y2VDXSZQ3M;
				GENERATE_INFOPLIST_FILE = YES;
				INFOPLIST_FILE = TravelMagazineInfo/Info.plist;
				INFOPLIST_KEY_UIApplicationSupportsIndirectInputEvents = YES;
				INFOPLIST_KEY_UILaunchStoryboardName = LaunchScreen;
				INFOPLIST_KEY_UIMainStoryboardFile = Main;
				INFOPLIST_KEY_UISupportedInterfaceOrientations_iPad = "UIInterfaceOrientationPortrait UIInterfaceOrientationPortraitUpsideDown UIInterfaceOrientationLandscapeLeft UIInterfaceOrientationLandscapeRight";
				INFOPLIST_KEY_UISupportedInterfaceOrientations_iPhone = "UIInterfaceOrientationPortrait UIInterfaceOrientationLandscapeLeft UIInterfaceOrientationLandscapeRight";
				IPHONEOS_DEPLOYMENT_TARGET = 16.0;
				LD_RUNPATH_SEARCH_PATHS = (
					"$(inherited)",
					"@executable_path/Frameworks",
				);
				MARKETING_VERSION = 1.0;
				PRODUCT_BUNDLE_IDENTIFIER = com.yun.TravelMagazineInfo;
				PRODUCT_NAME = "$(TARGET_NAME)";
				SUPPORTED_PLATFORMS = "iphoneos iphonesimulator";
				SUPPORTS_MACCATALYST = NO;
				SUPPORTS_MAC_DESIGNED_FOR_IPHONE_IPAD = NO;
				SUPPORTS_XR_DESIGNED_FOR_IPHONE_IPAD = NO;
				SWIFT_EMIT_LOC_STRINGS = YES;
				SWIFT_VERSION = 5.0;
				TARGETED_DEVICE_FAMILY = 1;
			};
			name = Release;
		};
/* End XCBuildConfiguration section */

/* Begin XCConfigurationList section */
		998584912C01D8020008F7FE /* Build configuration list for PBXProject "TravelMagazineInfo" */ = {
			isa = XCConfigurationList;
			buildConfigurations = (
				998584A82C01D8030008F7FE /* Debug */,
				998584A92C01D8030008F7FE /* Release */,
			);
			defaultConfigurationIsVisible = 0;
			defaultConfigurationName = Release;
		};
		998584AA2C01D8040008F7FE /* Build configuration list for PBXNativeTarget "TravelMagazineInfo" */ = {
			isa = XCConfigurationList;
			buildConfigurations = (
				998584AB2C01D8040008F7FE /* Debug */,
				998584AC2C01D8040008F7FE /* Release */,
			);
			defaultConfigurationIsVisible = 0;
			defaultConfigurationName = Release;
		};
/* End XCConfigurationList section */

/* Begin XCRemoteSwiftPackageReference section */
		998584BA2C035B2E0008F7FE /* XCRemoteSwiftPackageReference "Kingfisher" */ = {
			isa = XCRemoteSwiftPackageReference;
			repositoryURL = "https://github.com/onevcat/Kingfisher.git";
			requirement = {
				kind = upToNextMajorVersion;
				minimumVersion = 7.11.0;
			};
		};
/* End XCRemoteSwiftPackageReference section */

/* Begin XCSwiftPackageProductDependency section */
		998584BB2C035B2E0008F7FE /* Kingfisher */ = {
			isa = XCSwiftPackageProductDependency;
			package = 998584BA2C035B2E0008F7FE /* XCRemoteSwiftPackageReference "Kingfisher" */;
			productName = Kingfisher;
		};
/* End XCSwiftPackageProductDependency section */
	};
	rootObject = 9985848E2C01D8020008F7FE /* Project object */;
}
